
Microsoft Visual Studio Solution File, Format Version 12.00
# Visual Studio Version 17
VisualStudioVersion = 17.7.34009.444
MinimumVisualStudioVersion = 10.0.40219.1
Project("{9A19103F-16F7-4668-BE54-9A1E7A4F7556}") = "SeleniumConsoleApp", "SeleniumConsoleApp\SeleniumConsoleApp.csproj", "{35965562-A9F8-45AC-922A-9BF5E8F9D8DF}"
EndProject
Project("{FAE04EC0-301F-11D3-BF4B-00C04F79EFBC}") = "DeveloperFacebookPost", "DeveloperFacebookPost\DeveloperFacebookPost.csproj", "{DD69C5BA-2BA4-458E-A6C8-2BE5166FE560}"
EndProject
Global
	GlobalSection(SolutionConfigurationPlatforms) = preSolution
		Debug|Any CPU = Debug|Any CPU
		Release|Any CPU = Release|Any CPU
	EndGlobalSection
	GlobalSection(ProjectConfigurationPlatforms) = postSolution
		{35965562-A9F8-45AC-922A-9BF5E8F9D8DF}.Debug|Any CPU.ActiveCfg = Debug|Any CPU
		{35965562-A9F8-45AC-922A-9BF5E8F9D8DF}.Debug|Any CPU.Build.0 = Debug|Any CPU
		{35965562-A9F8-45AC-922A-9BF5E8F9D8DF}.Release|Any CPU.ActiveCfg = Release|Any CPU
		{35965562-A9F8-45AC-922A-9BF5E8F9D8DF}.Release|Any CPU.Build.0 = Release|Any CPU
		{DD69C5BA-2BA4-458E-A6C8-2BE5166FE560}.Debug|Any CPU.ActiveCfg = Debug|Any CPU
		{DD69C5BA-2BA4-458E-A6C8-2BE5166FE560}.Debug|Any CPU.Build.0 = Debug|Any CPU
		{DD69C5BA-2BA4-458E-A6C8-2BE5166FE560}.Release|Any CPU.ActiveCfg = Release|Any CPU
		{DD69C5BA-2BA4-458E-A6C8-2BE5166FE560}.Release|Any CPU.Build.0 = Release|Any CPU
	EndGlobalSection
	GlobalSection(SolutionProperties) = preSolution
		HideSolutionNode = FALSE
	EndGlobalSection
	GlobalSection(ExtensibilityGlobals) = postSolution
		SolutionGuid = {4E41041D-1590-42DD-A035-9E8933133BDA}
	EndGlobalSection
EndGlobal
